// !$*UTF8*$!
{
	archiveVersion = 1;
	classes = {
	};
	objectVersion = 77;
	objects = {

/* Begin PBXBuildFile section */
		0CCD9917D8E1B9522161061A /* sherpa-onnx.xcframework in Frameworks */ = {isa = PBXBuildFile; fileRef = 344186B2428D0B8D89D76FD6 /* sherpa-onnx.xcframework */; };
		2CACF256EE5A339E74F7F3C2 /* NowPlayingContent.swift in Sources */ = {isa = PBXBuildFile; fileRef = 5A5B427E9C0EFBF311E332AD /* NowPlayingContent.swift */; };
		3882C1604555C411E47EC740 /* AnswersView.swift in Sources */ = {isa = PBXBuildFile; fileRef = F2C1A02DA632E4A6CC2FBB5C /* AnswersView.swift */; };
		3E3278C204F4B131C847062D /* Assets.xcassets in Resources */ = {isa = PBXBuildFile; fileRef = 2BAB92DAE6ABCA50B771F689 /* Assets.xcassets */; };
		486AE258EF4AF88249A53F31 /* QuestionIntroCard.swift in Sources */ = {isa = PBXBuildFile; fileRef = 31DF8A2E56D0FF6470FBE708 /* QuestionIntroCard.swift */; };
		597A4A1F7B44ED9A755C1367 /* ClipPreviewPlayer.swift in Sources */ = {isa = PBXBuildFile; fileRef = 5B4FC5B1847AAB072BCCBCC3 /* ClipPreviewPlayer.swift */; };
		5BAA244ABC6084EF39A18016 /* TestablesKit in Frameworks */ = {isa = PBXBuildFile; productRef = 7D4297E67B264661BD81DDB3 /* TestablesKit */; };
		5BAE9771D8C8A8BEACCEEAC2 /* GitInfo.swift in Sources */ = {isa = PBXBuildFile; fileRef = AE0003255FA7958FCD40964A /* GitInfo.swift */; };
		5EBBCD9CC3C11C088CB249FF /* SpeechRenderer.swift in Sources */ = {isa = PBXBuildFile; fileRef = C76402513CBF54BEAFFD1BA2 /* SpeechRenderer.swift */; };
		6463FD561B510BCBF707F68A /* DiscoverView.swift in Sources */ = {isa = PBXBuildFile; fileRef = 3D30212B1C2BCB9F81E95FFE /* DiscoverView.swift */; };
		667AA7A0A25FAC943FFCF2CE /* SettingsView.swift in Sources */ = {isa = PBXBuildFile; fileRef = 353109E04A23C9A022640FE6 /* SettingsView.swift */; };
		68CA64163B823AE6A1D3EB8D /* TestingViewModel+Shared.swift in Sources */ = {isa = PBXBuildFile; fileRef = 5C672E8E6CB101AF5A2784B7 /* TestingViewModel+Shared.swift */; };
		6C6A2F23983F70BD6CB7EE2E /* CachedAsyncImage.swift in Sources */ = {isa = PBXBuildFile; fileRef = FA93490DFAF8BF8A68889489 /* CachedAsyncImage.swift */; };
		6E27A6171F11DCD2B81A069A /* AnswerStatsView.swift in Sources */ = {isa = PBXBuildFile; fileRef = 33F2E6AC0A4F125B8A11F4DF /* AnswerStatsView.swift */; };
		71A56F73384BAC8C0436CA2A /* QuestionBrowseView.swift in Sources */ = {isa = PBXBuildFile; fileRef = EB7BFB49CD1657BDB40A09C0 /* QuestionBrowseView.swift */; };
		743CD9779B19AE472DA9169E /* TokenKeychain.swift in Sources */ = {isa = PBXBuildFile; fileRef = 852A9D274D36FE370AF9D99E /* TokenKeychain.swift */; };
		74FCFB2847E1926AAD27E31F /* AnswerStore.swift in Sources */ = {isa = PBXBuildFile; fileRef = 6668170FE4219E745C22CD03 /* AnswerStore.swift */; };
		76F380D46E91E84DB36F01EC /* Answer.swift in Sources */ = {isa = PBXBuildFile; fileRef = B3EDA50AB6B9FE6615DD8D95 /* Answer.swift */; };
		88BAFA0EB4B6D1A3572A062F /* ArgumentDeckBuilder.swift in Sources */ = {isa = PBXBuildFile; fileRef = 0AB61D21B2386686E3D60D56 /* ArgumentDeckBuilder.swift */; };
		8FFAE2EF55F0EB00960144D4 /* testables in Resources */ = {isa = PBXBuildFile; fileRef = 311DF26788DECB2F51A77502 /* testables */; };
		9065FBE6FE3F1536F71702B2 /* ArgumentClip.swift in Sources */ = {isa = PBXBuildFile; fileRef = 8F408948D893D78C33B509C4 /* ArgumentClip.swift */; };
		975A5157D9EA25B8DC4055F4 /* KokoroModelStore.swift in Sources */ = {isa = PBXBuildFile; fileRef = 766A766667960219A2F99B3D /* KokoroModelStore.swift */; };
		9D69AE4D26C09AC19F82B1BD /* EditAnswerView.swift in Sources */ = {isa = PBXBuildFile; fileRef = 2AB7591ED46142BC199E8198 /* EditAnswerView.swift */; };
		A65A733E11DB2AFADDA41F4F /* TestablesWiringCheck.swift in Sources */ = {isa = PBXBuildFile; fileRef = 222D94FC46AAFAF9058DE074 /* TestablesWiringCheck.swift */; };
		B258C4EE4C4A271E02D52600 /* SpeechSettings.swift in Sources */ = {isa = PBXBuildFile; fileRef = 27BC188E25021A465D185BFB /* SpeechSettings.swift */; };
		B6A74BBB2FFB7C199A34003D /* VoicePreviewPlayer.swift in Sources */ = {isa = PBXBuildFile; fileRef = EAB05668DE3CEB37695878F5 /* VoicePreviewPlayer.swift */; };
		BC6BAA90CD160908D5A80AFA /* Question.swift in Sources */ = {isa = PBXBuildFile; fileRef = DB7701DA11DB7DABF730BCDA /* Question.swift */; };
		C0503EAF195BA4B653CE403E /* SteelmanConfig.swift in Sources */ = {isa = PBXBuildFile; fileRef = A93AF9CB9BA376C9417F53D1 /* SteelmanConfig.swift */; };
		CC5636EDEBFE08472A5A1165 /* AnswerAnalysisService.swift in Sources */ = {isa = PBXBuildFile; fileRef = 36D5B8EAD3F46C87EB6B552E /* AnswerAnalysisService.swift */; };
		D02FDF8D560A29FC4B7146C0 /* DiscoverBackground.mp4 in Resources */ = {isa = PBXBuildFile; fileRef = 3513FA492D2CD88A7747450B /* DiscoverBackground.mp4 */; };
		D5534063BD0DE0FC9EA290FC /* KokoroTTS.mm in Sources */ = {isa = PBXBuildFile; fileRef = 34012EA2417BA4AA5E2C59F9 /* KokoroTTS.mm */; };
		D9A043E87B09DD6F71D2E087 /* SteelmanTheme.swift in Sources */ = {isa = PBXBuildFile; fileRef = CA21E02BCA37A3C09F9E045D /* SteelmanTheme.swift */; };
		DF5840DDC49252B39250709D /* ArgumentDeckCache.swift in Sources */ = {isa = PBXBuildFile; fileRef = 19C7D088D2DBB3BD2A018C88 /* ArgumentDeckCache.swift */; };
		DF5FBF748589ED228E05485F /* SubmitAnswerView.swift in Sources */ = {isa = PBXBuildFile; fileRef = C298ADCAA024A9700D63DE26 /* SubmitAnswerView.swift */; };
		DF62FA7E8E5971755F4A1A7C /* onnxruntime.xcframework in Frameworks */ = {isa = PBXBuildFile; fileRef = 5DC5AE8218A34D8796EA563E /* onnxruntime.xcframework */; };
		E3F4C0EBF956F4F4FF3285F6 /* QuestionStore.swift in Sources */ = {isa = PBXBuildFile; fileRef = A49976C41E590097C469962B /* QuestionStore.swift */; };
		EA32918CC0ADA3A87A810798 /* TestablesKit in Frameworks */ = {isa = PBXBuildFile; productRef = 44C9842A20D48DCEA4D93B58 /* TestablesKit */; };
		EC524885C177BC7434729196 /* KokoroAssets in Resources */ = {isa = PBXBuildFile; fileRef = B8A45DBFAB492C46F0FB452B /* KokoroAssets */; };
		F2887B0D2B72C339F80BF254 /* SteelmanApp.swift in Sources */ = {isa = PBXBuildFile; fileRef = 7B4D42590E202973E1CF89DD /* SteelmanApp.swift */; };
		F459068212A6D0083670D0B8 /* QuestionsView.swift in Sources */ = {isa = PBXBuildFile; fileRef = E1DA8B1F9E0FE4D6F25ED958 /* QuestionsView.swift */; };
		F852A7DD844BF217D56B9271 /* LoopingVideoBackground.swift in Sources */ = {isa = PBXBuildFile; fileRef = 86DAF2B8E07FAA9DDE9F5347 /* LoopingVideoBackground.swift */; };
		FFE3BC082A1B479EE95803DE /* OnDeviceSpeechTranscriber.swift in Sources */ = {isa = PBXBuildFile; fileRef = EC8071CE70DED6B4D363A2A5 /* OnDeviceSpeechTranscriber.swift */; };
/* End PBXBuildFile section */

/* Begin PBXFileReference section */
		0AB61D21B2386686E3D60D56 /* ArgumentDeckBuilder.swift */ = {isa = PBXFileReference; lastKnownFileType = sourcecode.swift; path = ArgumentDeckBuilder.swift; sourceTree = "<group>"; };
		0EA82709B0983CAE4E65DF8F /* Info.plist */ = {isa = PBXFileReference; lastKnownFileType = text.plist; path = Info.plist; sourceTree = "<group>"; };
		19C7D088D2DBB3BD2A018C88 /* ArgumentDeckCache.swift */ = {isa = PBXFileReference; lastKnownFileType = sourcecode.swift; path = ArgumentDeckCache.swift; sourceTree = "<group>"; };
		222D94FC46AAFAF9058DE074 /* TestablesWiringCheck.swift */ = {isa = PBXFileReference; lastKnownFileType = sourcecode.swift; path = TestablesWiringCheck.swift; sourceTree = "<group>"; };
		27BC188E25021A465D185BFB /* SpeechSettings.swift */ = {isa = PBXFileReference; lastKnownFileType = sourcecode.swift; path = SpeechSettings.swift; sourceTree = "<group>"; };
		2AB7591ED46142BC199E8198 /* EditAnswerView.swift */ = {isa = PBXFileReference; lastKnownFileType = sourcecode.swift; path = EditAnswerView.swift; sourceTree = "<group>"; };
		2BAB92DAE6ABCA50B771F689 /* Assets.xcassets */ = {isa = PBXFileReference; lastKnownFileType = folder.assetcatalog; path = Assets.xcassets; sourceTree = "<group>"; };
		311DF26788DECB2F51A77502 /* testables */ = {isa = PBXFileReference; lastKnownFileType = folder; path = testables; sourceTree = SOURCE_ROOT; };
		31DF8A2E56D0FF6470FBE708 /* QuestionIntroCard.swift */ = {isa = PBXFileReference; lastKnownFileType = sourcecode.swift; path = QuestionIntroCard.swift; sourceTree = "<group>"; };
		33F2E6AC0A4F125B8A11F4DF /* AnswerStatsView.swift */ = {isa = PBXFileReference; lastKnownFileType = sourcecode.swift; path = AnswerStatsView.swift; sourceTree = "<group>"; };
		34012EA2417BA4AA5E2C59F9 /* KokoroTTS.mm */ = {isa = PBXFileReference; lastKnownFileType = sourcecode.cpp.objcpp; path = KokoroTTS.mm; sourceTree = "<group>"; };
		344186B2428D0B8D89D76FD6 /* sherpa-onnx.xcframework */ = {isa = PBXFileReference; lastKnownFileType = wrapper.xcframework; name = "sherpa-onnx.xcframework"; path = "Vendor/sherpa-onnx.xcframework"; sourceTree = "<group>"; };
		3513FA492D2CD88A7747450B /* DiscoverBackground.mp4 */ = {isa = PBXFileReference; path = DiscoverBackground.mp4; sourceTree = "<group>"; };
		353109E04A23C9A022640FE6 /* SettingsView.swift */ = {isa = PBXFileReference; lastKnownFileType = sourcecode.swift; path = SettingsView.swift; sourceTree = "<group>"; };
		36D5B8EAD3F46C87EB6B552E /* AnswerAnalysisService.swift */ = {isa = PBXFileReference; lastKnownFileType = sourcecode.swift; path = AnswerAnalysisService.swift; sourceTree = "<group>"; };
		3D30212B1C2BCB9F81E95FFE /* DiscoverView.swift */ = {isa = PBXFileReference; lastKnownFileType = sourcecode.swift; path = DiscoverView.swift; sourceTree = "<group>"; };
		5A5B427E9C0EFBF311E332AD /* NowPlayingContent.swift */ = {isa = PBXFileReference; lastKnownFileType = sourcecode.swift; path = NowPlayingContent.swift; sourceTree = "<group>"; };
		5B4FC5B1847AAB072BCCBCC3 /* ClipPreviewPlayer.swift */ = {isa = PBXFileReference; lastKnownFileType = sourcecode.swift; path = ClipPreviewPlayer.swift; sourceTree = "<group>"; };
		5C672E8E6CB101AF5A2784B7 /* TestingViewModel+Shared.swift */ = {isa = PBXFileReference; lastKnownFileType = sourcecode.swift; path = "TestingViewModel+Shared.swift"; sourceTree = "<group>"; };
		5DC5AE8218A34D8796EA563E /* onnxruntime.xcframework */ = {isa = PBXFileReference; lastKnownFileType = wrapper.xcframework; name = onnxruntime.xcframework; path = Vendor/onnxruntime.xcframework; sourceTree = "<group>"; };
		6668170FE4219E745C22CD03 /* AnswerStore.swift */ = {isa = PBXFileReference; lastKnownFileType = sourcecode.swift; path = AnswerStore.swift; sourceTree = "<group>"; };
		766A766667960219A2F99B3D /* KokoroModelStore.swift */ = {isa = PBXFileReference; lastKnownFileType = sourcecode.swift; path = KokoroModelStore.swift; sourceTree = "<group>"; };
		7B4D42590E202973E1CF89DD /* SteelmanApp.swift */ = {isa = PBXFileReference; lastKnownFileType = sourcecode.swift; path = SteelmanApp.swift; sourceTree = "<group>"; };
		852A9D274D36FE370AF9D99E /* TokenKeychain.swift */ = {isa = PBXFileReference; lastKnownFileType = sourcecode.swift; path = TokenKeychain.swift; sourceTree = "<group>"; };
		86DAF2B8E07FAA9DDE9F5347 /* LoopingVideoBackground.swift */ = {isa = PBXFileReference; lastKnownFileType = sourcecode.swift; path = LoopingVideoBackground.swift; sourceTree = "<group>"; };
		8B66172A95BB7D87AC344750 /* Steelman.app */ = {isa = PBXFileReference; includeInIndex = 0; lastKnownFileType = wrapper.application; path = Steelman.app; sourceTree = BUILT_PRODUCTS_DIR; };
		8F408948D893D78C33B509C4 /* ArgumentClip.swift */ = {isa = PBXFileReference; lastKnownFileType = sourcecode.swift; path = ArgumentClip.swift; sourceTree = "<group>"; };
		949D1AB19E4A587F7D07A964 /* SteelmanTests.xctest */ = {isa = PBXFileReference; includeInIndex = 0; lastKnownFileType = wrapper.cfbundle; path = SteelmanTests.xctest; sourceTree = BUILT_PRODUCTS_DIR; };
		A49976C41E590097C469962B /* QuestionStore.swift */ = {isa = PBXFileReference; lastKnownFileType = sourcecode.swift; path = QuestionStore.swift; sourceTree = "<group>"; };
		A93AF9CB9BA376C9417F53D1 /* SteelmanConfig.swift */ = {isa = PBXFileReference; lastKnownFileType = sourcecode.swift; path = SteelmanConfig.swift; sourceTree = "<group>"; };
		AE0003255FA7958FCD40964A /* GitInfo.swift */ = {isa = PBXFileReference; lastKnownFileType = sourcecode.swift; path = GitInfo.swift; sourceTree = "<group>"; };
		B3EDA50AB6B9FE6615DD8D95 /* Answer.swift */ = {isa = PBXFileReference; lastKnownFileType = sourcecode.swift; path = Answer.swift; sourceTree = "<group>"; };
		B8A45DBFAB492C46F0FB452B /* KokoroAssets */ = {isa = PBXFileReference; lastKnownFileType = folder; path = KokoroAssets; sourceTree = SOURCE_ROOT; };
		BA0D0ECD6ABDC7034B3B05B1 /* KokoroTTS.h */ = {isa = PBXFileReference; lastKnownFileType = sourcecode.c.h; path = KokoroTTS.h; sourceTree = "<group>"; };
		C298ADCAA024A9700D63DE26 /* SubmitAnswerView.swift */ = {isa = PBXFileReference; lastKnownFileType = sourcecode.swift; path = SubmitAnswerView.swift; sourceTree = "<group>"; };
		C76402513CBF54BEAFFD1BA2 /* SpeechRenderer.swift */ = {isa = PBXFileReference; lastKnownFileType = sourcecode.swift; path = SpeechRenderer.swift; sourceTree = "<group>"; };
		CA21E02BCA37A3C09F9E045D /* SteelmanTheme.swift */ = {isa = PBXFileReference; lastKnownFileType = sourcecode.swift; path = SteelmanTheme.swift; sourceTree = "<group>"; };
		DB7701DA11DB7DABF730BCDA /* Question.swift */ = {isa = PBXFileReference; lastKnownFileType = sourcecode.swift; path = Question.swift; sourceTree = "<group>"; };
		E1DA8B1F9E0FE4D6F25ED958 /* QuestionsView.swift */ = {isa = PBXFileReference; lastKnownFileType = sourcecode.swift; path = QuestionsView.swift; sourceTree = "<group>"; };
		EAB05668DE3CEB37695878F5 /* VoicePreviewPlayer.swift */ = {isa = PBXFileReference; lastKnownFileType = sourcecode.swift; path = VoicePreviewPlayer.swift; sourceTree = "<group>"; };
		EB7BFB49CD1657BDB40A09C0 /* QuestionBrowseView.swift */ = {isa = PBXFileReference; lastKnownFileType = sourcecode.swift; path = QuestionBrowseView.swift; sourceTree = "<group>"; };
		EC8071CE70DED6B4D363A2A5 /* OnDeviceSpeechTranscriber.swift */ = {isa = PBXFileReference; lastKnownFileType = sourcecode.swift; path = OnDeviceSpeechTranscriber.swift; sourceTree = "<group>"; };
		F2C1A02DA632E4A6CC2FBB5C /* AnswersView.swift */ = {isa = PBXFileReference; lastKnownFileType = sourcecode.swift; path = AnswersView.swift; sourceTree = "<group>"; };
		FA93490DFAF8BF8A68889489 /* CachedAsyncImage.swift */ = {isa = PBXFileReference; lastKnownFileType = sourcecode.swift; path = CachedAsyncImage.swift; sourceTree = "<group>"; };
/* End PBXFileReference section */

/* Begin PBXFrameworksBuildPhase section */
		A6503DD4CE7B77B89EB7A9DF /* Frameworks */ = {
			isa = PBXFrameworksBuildPhase;
			buildActionMask = 2147483647;
			files = (
				EA32918CC0ADA3A87A810798 /* TestablesKit in Frameworks */,
			);
			runOnlyForDeploymentPostprocessing = 0;
		};
		B3641AA410A98EFACCA425A4 /* Frameworks */ = {
			isa = PBXFrameworksBuildPhase;
			buildActionMask = 2147483647;
			files = (
				5BAA244ABC6084EF39A18016 /* TestablesKit in Frameworks */,
				0CCD9917D8E1B9522161061A /* sherpa-onnx.xcframework in Frameworks */,
				DF62FA7E8E5971755F4A1A7C /* onnxruntime.xcframework in Frameworks */,
			);
			runOnlyForDeploymentPostprocessing = 0;
		};
/* End PBXFrameworksBuildPhase section */

/* Begin PBXGroup section */
		063A17C154D315B4783B1F0A /* testables */ = {
			isa = PBXGroup;
			children = (
				222D94FC46AAFAF9058DE074 /* TestablesWiringCheck.swift */,
			);
			path = testables;
			sourceTree = "<group>";
		};
		0DCCFC538FDB1CFDA23AD15C /* Products */ = {
			isa = PBXGroup;
			children = (
				8B66172A95BB7D87AC344750 /* Steelman.app */,
				949D1AB19E4A587F7D07A964 /* SteelmanTests.xctest */,
			);
			name = Products;
			sourceTree = "<group>";
		};
		197E087A8D52191AA93FB01B /* Frameworks */ = {
			isa = PBXGroup;
			children = (
				5DC5AE8218A34D8796EA563E /* onnxruntime.xcframework */,
				344186B2428D0B8D89D76FD6 /* sherpa-onnx.xcframework */,
			);
			name = Frameworks;
			sourceTree = "<group>";
		};
		2ACABF7003DE811450E4C080 /* Submit */ = {
			isa = PBXGroup;
			children = (
				C298ADCAA024A9700D63DE26 /* SubmitAnswerView.swift */,
			);
			path = Submit;
			sourceTree = "<group>";
		};
		395F76641A585AFDE80AE534 = {
			isa = PBXGroup;
			children = (
				2BAB92DAE6ABCA50B771F689 /* Assets.xcassets */,
				0EA82709B0983CAE4E65DF8F /* Info.plist */,
				B8A45DBFAB492C46F0FB452B /* KokoroAssets */,
				7B4D42590E202973E1CF89DD /* SteelmanApp.swift */,
				A93AF9CB9BA376C9417F53D1 /* SteelmanConfig.swift */,
				311DF26788DECB2F51A77502 /* testables */,
				9F67865538D3C696D73426D7 /* Answers */,
				B3793A50802A9418C6E322E7 /* Discover */,
				7971D4EE2AEF296860CE1933 /* Generated */,
				978BF7752AC38B582C30567E /* Media */,
				E47E375A0F3E8063EB982CCC /* Models */,
				E97A492A33226C9816F3287B /* Questions */,
				612E3BFE779BA1C5758EF766 /* Services */,
				86808EE25EC5BFB62213ADA7 /* Shared */,
				B4EB71E9A2FA244EC20C1638 /* Speech */,
				2ACABF7003DE811450E4C080 /* Submit */,
				063A17C154D315B4783B1F0A /* testables */,
				ADFCB36855C43D8DC77C54CE /* Testing */,
				197E087A8D52191AA93FB01B /* Frameworks */,
				0DCCFC538FDB1CFDA23AD15C /* Products */,
			);
			sourceTree = "<group>";
		};
		612E3BFE779BA1C5758EF766 /* Services */ = {
			isa = PBXGroup;
			children = (
				36D5B8EAD3F46C87EB6B552E /* AnswerAnalysisService.swift */,
				6668170FE4219E745C22CD03 /* AnswerStore.swift */,
				0AB61D21B2386686E3D60D56 /* ArgumentDeckBuilder.swift */,
				19C7D088D2DBB3BD2A018C88 /* ArgumentDeckCache.swift */,
				766A766667960219A2F99B3D /* KokoroModelStore.swift */,
				EC8071CE70DED6B4D363A2A5 /* OnDeviceSpeechTranscriber.swift */,
				A49976C41E590097C469962B /* QuestionStore.swift */,
				C76402513CBF54BEAFFD1BA2 /* SpeechRenderer.swift */,
				EAB05668DE3CEB37695878F5 /* VoicePreviewPlayer.swift */,
			);
			path = Services;
			sourceTree = "<group>";
		};
		7971D4EE2AEF296860CE1933 /* Generated */ = {
			isa = PBXGroup;
			children = (
				AE0003255FA7958FCD40964A /* GitInfo.swift */,
			);
			path = Generated;
			sourceTree = "<group>";
		};
		86808EE25EC5BFB62213ADA7 /* Shared */ = {
			isa = PBXGroup;
			children = (
				FA93490DFAF8BF8A68889489 /* CachedAsyncImage.swift */,
				353109E04A23C9A022640FE6 /* SettingsView.swift */,
				27BC188E25021A465D185BFB /* SpeechSettings.swift */,
				CA21E02BCA37A3C09F9E045D /* SteelmanTheme.swift */,
				852A9D274D36FE370AF9D99E /* TokenKeychain.swift */,
			);
			path = Shared;
			sourceTree = "<group>";
		};
		978BF7752AC38B582C30567E /* Media */ = {
			isa = PBXGroup;
			children = (
				3513FA492D2CD88A7747450B /* DiscoverBackground.mp4 */,
			);
			path = Media;
			sourceTree = "<group>";
		};
		9F67865538D3C696D73426D7 /* Answers */ = {
			isa = PBXGroup;
			children = (
				33F2E6AC0A4F125B8A11F4DF /* AnswerStatsView.swift */,
				F2C1A02DA632E4A6CC2FBB5C /* AnswersView.swift */,
				2AB7591ED46142BC199E8198 /* EditAnswerView.swift */,
			);
			path = Answers;
			sourceTree = "<group>";
		};
		ADFCB36855C43D8DC77C54CE /* Testing */ = {
			isa = PBXGroup;
			children = (
				5C672E8E6CB101AF5A2784B7 /* TestingViewModel+Shared.swift */,
			);
			path = Testing;
			sourceTree = "<group>";
		};
		B3793A50802A9418C6E322E7 /* Discover */ = {
			isa = PBXGroup;
			children = (
				5B4FC5B1847AAB072BCCBCC3 /* ClipPreviewPlayer.swift */,
				3D30212B1C2BCB9F81E95FFE /* DiscoverView.swift */,
				86DAF2B8E07FAA9DDE9F5347 /* LoopingVideoBackground.swift */,
				5A5B427E9C0EFBF311E332AD /* NowPlayingContent.swift */,
				EB7BFB49CD1657BDB40A09C0 /* QuestionBrowseView.swift */,
				31DF8A2E56D0FF6470FBE708 /* QuestionIntroCard.swift */,
			);
			path = Discover;
			sourceTree = "<group>";
		};
		B4EB71E9A2FA244EC20C1638 /* Speech */ = {
			isa = PBXGroup;
			children = (
				BA0D0ECD6ABDC7034B3B05B1 /* KokoroTTS.h */,
				34012EA2417BA4AA5E2C59F9 /* KokoroTTS.mm */,
			);
			path = Speech;
			sourceTree = "<group>";
		};
		E47E375A0F3E8063EB982CCC /* Models */ = {
			isa = PBXGroup;
			children = (
				B3EDA50AB6B9FE6615DD8D95 /* Answer.swift */,
				8F408948D893D78C33B509C4 /* ArgumentClip.swift */,
				DB7701DA11DB7DABF730BCDA /* Question.swift */,
			);
			path = Models;
			sourceTree = "<group>";
		};
		E97A492A33226C9816F3287B /* Questions */ = {
			isa = PBXGroup;
			children = (
				E1DA8B1F9E0FE4D6F25ED958 /* QuestionsView.swift */,
			);
			path = Questions;
			sourceTree = "<group>";
		};
/* End PBXGroup section */

/* Begin PBXNativeTarget section */
		D92020619C61EA1871CFE455 /* Steelman */ = {
			isa = PBXNativeTarget;
			buildConfigurationList = CE8A115D20A271CBF7CB2EA6 /* Build configuration list for PBXNativeTarget "Steelman" */;
			buildPhases = (
				2DAD2C52031B3F6A3284A0D9 /* Write Git Info */,
				03F2490FC847D8905703F3DE /* Sources */,
				4BA8B582BFD5C5D8D0FD64A8 /* Resources */,
				B3641AA410A98EFACCA425A4 /* Frameworks */,
			);
			buildRules = (
			);
			dependencies = (
			);
			name = Steelman;
			packageProductDependencies = (
				7D4297E67B264661BD81DDB3 /* TestablesKit */,
			);
			productName = Steelman;
			productReference = 8B66172A95BB7D87AC344750 /* Steelman.app */;
			productType = "com.apple.product-type.application";
		};
		FA1DE789E003D87164B85CF0 /* SteelmanTests */ = {
			isa = PBXNativeTarget;
			buildConfigurationList = BE83CF9AD1923E00D6C4919A /* Build configuration list for PBXNativeTarget "SteelmanTests" */;
			buildPhases = (
				48EBCABC5265FA2F23EBFEF5 /* Sources */,
				A6503DD4CE7B77B89EB7A9DF /* Frameworks */,
			);
			buildRules = (
			);
			dependencies = (
			);
			name = SteelmanTests;
			packageProductDependencies = (
				44C9842A20D48DCEA4D93B58 /* TestablesKit */,
			);
			productName = SteelmanTests;
			productReference = 949D1AB19E4A587F7D07A964 /* SteelmanTests.xctest */;
			productType = "com.apple.product-type.bundle.unit-test";
		};
/* End PBXNativeTarget section */

/* Begin PBXProject section */
		A3DFC7F7B1A09185F435D063 /* Project object */ = {
			isa = PBXProject;
			attributes = {
				BuildIndependentTargetsInParallel = YES;
				LastUpgradeCheck = 1600;
				TargetAttributes = {
					D92020619C61EA1871CFE455 = {
						DevelopmentTeam = 563V2QK49N;
						ProvisioningStyle = Automatic;
					};
					FA1DE789E003D87164B85CF0 = {
						DevelopmentTeam = 563V2QK49N;
						ProvisioningStyle = Automatic;
					};
				};
			};
			buildConfigurationList = F32538397E849C7CF35AA33E /* Build configuration list for PBXProject "Steelman" */;
			developmentRegion = en;
			hasScannedForEncodings = 0;
			knownRegions = (
				Base,
				en,
			);
			mainGroup = 395F76641A585AFDE80AE534;
			minimizedProjectReferenceProxies = 1;
			packageReferences = (
				2DE86530FA48C35D4A021D2D /* XCRemoteSwiftPackageReference "testables" */,
			);
			preferredProjectObjectVersion = 77;
			productRefGroup = 0DCCFC538FDB1CFDA23AD15C /* Products */;
			projectDirPath = "";
			projectRoot = "";
			targets = (
				D92020619C61EA1871CFE455 /* Steelman */,
				FA1DE789E003D87164B85CF0 /* SteelmanTests */,
			);
		};
/* End PBXProject section */

/* Begin PBXResourcesBuildPhase section */
		4BA8B582BFD5C5D8D0FD64A8 /* Resources */ = {
			isa = PBXResourcesBuildPhase;
			buildActionMask = 2147483647;
			files = (
				3E3278C204F4B131C847062D /* Assets.xcassets in Resources */,
				D02FDF8D560A29FC4B7146C0 /* DiscoverBackground.mp4 in Resources */,
				EC524885C177BC7434729196 /* KokoroAssets in Resources */,
				8FFAE2EF55F0EB00960144D4 /* testables in Resources */,
			);
			runOnlyForDeploymentPostprocessing = 0;
		};
/* End PBXResourcesBuildPhase section */

/* Begin PBXShellScriptBuildPhase section */
		2DAD2C52031B3F6A3284A0D9 /* Write Git Info */ = {
			isa = PBXShellScriptBuildPhase;
			buildActionMask = 2147483647;
			files = (
			);
			inputFileListPaths = (
			);
			inputPaths = (
			);
			name = "Write Git Info";
			outputFileListPaths = (
			);
			outputPaths = (
			);
			runOnlyForDeploymentPostprocessing = 0;
			shellPath = /bin/sh;
			shellScript = "bash ${SRCROOT}/Scripts/write_git_info.sh";
		};
/* End PBXShellScriptBuildPhase section */

/* Begin PBXSourcesBuildPhase section */
		03F2490FC847D8905703F3DE /* Sources */ = {
			isa = PBXSourcesBuildPhase;
			buildActionMask = 2147483647;
			files = (
				76F380D46E91E84DB36F01EC /* Answer.swift in Sources */,
				CC5636EDEBFE08472A5A1165 /* AnswerAnalysisService.swift in Sources */,
				6E27A6171F11DCD2B81A069A /* AnswerStatsView.swift in Sources */,
				74FCFB2847E1926AAD27E31F /* AnswerStore.swift in Sources */,
				3882C1604555C411E47EC740 /* AnswersView.swift in Sources */,
				9065FBE6FE3F1536F71702B2 /* ArgumentClip.swift in Sources */,
				88BAFA0EB4B6D1A3572A062F /* ArgumentDeckBuilder.swift in Sources */,
				DF5840DDC49252B39250709D /* ArgumentDeckCache.swift in Sources */,
				6C6A2F23983F70BD6CB7EE2E /* CachedAsyncImage.swift in Sources */,
				597A4A1F7B44ED9A755C1367 /* ClipPreviewPlayer.swift in Sources */,
				6463FD561B510BCBF707F68A /* DiscoverView.swift in Sources */,
				9D69AE4D26C09AC19F82B1BD /* EditAnswerView.swift in Sources */,
				5BAE9771D8C8A8BEACCEEAC2 /* GitInfo.swift in Sources */,
				975A5157D9EA25B8DC4055F4 /* KokoroModelStore.swift in Sources */,
				D5534063BD0DE0FC9EA290FC /* KokoroTTS.mm in Sources */,
				F852A7DD844BF217D56B9271 /* LoopingVideoBackground.swift in Sources */,
				2CACF256EE5A339E74F7F3C2 /* NowPlayingContent.swift in Sources */,
				FFE3BC082A1B479EE95803DE /* OnDeviceSpeechTranscriber.swift in Sources */,
				BC6BAA90CD160908D5A80AFA /* Question.swift in Sources */,
				71A56F73384BAC8C0436CA2A /* QuestionBrowseView.swift in Sources */,
				486AE258EF4AF88249A53F31 /* QuestionIntroCard.swift in Sources */,
				E3F4C0EBF956F4F4FF3285F6 /* QuestionStore.swift in Sources */,
				F459068212A6D0083670D0B8 /* QuestionsView.swift in Sources */,
				667AA7A0A25FAC943FFCF2CE /* SettingsView.swift in Sources */,
				5EBBCD9CC3C11C088CB249FF /* SpeechRenderer.swift in Sources */,
				B258C4EE4C4A271E02D52600 /* SpeechSettings.swift in Sources */,
				F2887B0D2B72C339F80BF254 /* SteelmanApp.swift in Sources */,
				C0503EAF195BA4B653CE403E /* SteelmanConfig.swift in Sources */,
				D9A043E87B09DD6F71D2E087 /* SteelmanTheme.swift in Sources */,
				DF5FBF748589ED228E05485F /* SubmitAnswerView.swift in Sources */,
				68CA64163B823AE6A1D3EB8D /* TestingViewModel+Shared.swift in Sources */,
				743CD9779B19AE472DA9169E /* TokenKeychain.swift in Sources */,
				B6A74BBB2FFB7C199A34003D /* VoicePreviewPlayer.swift in Sources */,
			);
			runOnlyForDeploymentPostprocessing = 0;
		};
		48EBCABC5265FA2F23EBFEF5 /* Sources */ = {
			isa = PBXSourcesBuildPhase;
			buildActionMask = 2147483647;
			files = (
				A65A733E11DB2AFADDA41F4F /* TestablesWiringCheck.swift in Sources */,
			);
			runOnlyForDeploymentPostprocessing = 0;
		};
/* End PBXSourcesBuildPhase section */

/* Begin XCBuildConfiguration section */
		19D2A934193AE7AAFDC635EF /* Release */ = {
			isa = XCBuildConfiguration;
			buildSettings = {
				BUNDLE_LOADER = "$(TEST_HOST)";
				CODE_SIGN_STYLE = Automatic;
				CURRENT_PROJECT_VERSION = 1;
				DEVELOPMENT_TEAM = 563V2QK49N;
				GENERATE_INFOPLIST_FILE = YES;
				LD_RUNPATH_SEARCH_PATHS = (
					"$(inherited)",
					"@executable_path/Frameworks",
					"@loader_path/Frameworks",
				);
				MARKETING_VERSION = 1.0;
				PRODUCT_BUNDLE_IDENTIFIER = com.steelman.app.tests;
				SDKROOT = iphoneos;
				SWIFT_VERSION = 5.0;
				TARGETED_DEVICE_FAMILY = "1,2";
			};
			name = Release;
		};
		4CDDBC594047AFB9157E31FD /* Debug */ = {
			isa = XCBuildConfiguration;
			buildSettings = {
				ASSETCATALOG_COMPILER_APPICON_NAME = AppIcon;
				CODE_SIGN_IDENTITY = "iPhone Developer";
				CURRENT_PROJECT_VERSION = 1;
				FRAMEWORK_SEARCH_PATHS = (
					"$(inherited)",
					"\"Vendor\"",
				);
				INFOPLIST_FILE = Info.plist;
				LD_RUNPATH_SEARCH_PATHS = (
					"$(inherited)",
					"@executable_path/Frameworks",
				);
				MARKETING_VERSION = 1.0;
				PRODUCT_BUNDLE_IDENTIFIER = com.steelman.app;
				SDKROOT = iphoneos;
				SWIFT_OBJC_BRIDGING_HEADER = "Steelman-Bridging-Header.h";
				TARGETED_DEVICE_FAMILY = "1,2";
			};
			name = Debug;
		};
		73BD834D32A77998EC464825 /* Release */ = {
			isa = XCBuildConfiguration;
			buildSettings = {
				ALWAYS_SEARCH_USER_PATHS = NO;
				CLANG_ANALYZER_NONNULL = YES;
				CLANG_ANALYZER_NUMBER_OBJECT_CONVERSION = YES_AGGRESSIVE;
				CLANG_CXX_LANGUAGE_STANDARD = "gnu++14";
				CLANG_CXX_LIBRARY = "libc++";
				CLANG_ENABLE_MODULES = YES;
				CLANG_ENABLE_OBJC_ARC = YES;
				CLANG_ENABLE_OBJC_WEAK = YES;
				CLANG_WARN_BLOCK_CAPTURE_AUTORELEASING = YES;
				CLANG_WARN_BOOL_CONVERSION = YES;
				CLANG_WARN_COMMA = YES;
				CLANG_WARN_CONSTANT_CONVERSION = YES;
				CLANG_WARN_DEPRECATED_OBJC_IMPLEMENTATIONS = YES;
				CLANG_WARN_DIRECT_OBJC_ISA_USAGE = YES_ERROR;
				CLANG_WARN_DOCUMENTATION_COMMENTS = YES;
				CLANG_WARN_EMPTY_BODY = YES;
				CLANG_WARN_ENUM_CONVERSION = YES;
				CLANG_WARN_INFINITE_RECURSION = YES;
				CLANG_WARN_INT_CONVERSION = YES;
				CLANG_WARN_NON_LITERAL_NULL_CONVERSION = YES;
				CLANG_WARN_OBJC_IMPLICIT_RETAIN_SELF = YES;
				CLANG_WARN_OBJC_LITERAL_CONVERSION = YES;
				CLANG_WARN_OBJC_ROOT_CLASS = YES_ERROR;
				CLANG_WARN_QUOTED_INCLUDE_IN_FRAMEWORK_HEADER = YES;
				CLANG_WARN_RANGE_LOOP_ANALYSIS = YES;
				CLANG_WARN_STRICT_PROTOTYPES = YES;
				CLANG_WARN_SUSPICIOUS_MOVE = YES;
				CLANG_WARN_UNGUARDED_AVAILABILITY = YES_AGGRESSIVE;
				CLANG_WARN_UNREACHABLE_CODE = YES;
				CLANG_WARN__DUPLICATE_METHOD_MATCH = YES;
				CODE_SIGN_STYLE = Automatic;
				COPY_PHASE_STRIP = NO;
				DEBUG_INFORMATION_FORMAT = "dwarf-with-dsym";
				DEVELOPMENT_TEAM = 563V2QK49N;
				ENABLE_NS_ASSERTIONS = NO;
				ENABLE_STRICT_OBJC_MSGSEND = YES;
				"EXCLUDED_ARCHS[sdk=iphonesimulator*]" = x86_64;
				GCC_C_LANGUAGE_STANDARD = gnu11;
				GCC_NO_COMMON_BLOCKS = YES;
				GCC_WARN_64_TO_32_BIT_CONVERSION = YES;
				GCC_WARN_ABOUT_RETURN_TYPE = YES_ERROR;
				GCC_WARN_UNDECLARED_SELECTOR = YES;
				GCC_WARN_UNINITIALIZED_AUTOS = YES_AGGRESSIVE;
				GCC_WARN_UNUSED_FUNCTION = YES;
				GCC_WARN_UNUSED_VARIABLE = YES;
				INFOPLIST_FILE = Info.plist;
				IPHONEOS_DEPLOYMENT_TARGET = 17.0;
				MTL_ENABLE_DEBUG_INFO = NO;
				MTL_FAST_MATH = YES;
				PRODUCT_NAME = "$(TARGET_NAME)";
				SDKROOT = iphoneos;
				SWIFT_COMPILATION_MODE = wholemodule;
				SWIFT_OPTIMIZATION_LEVEL = "-O";
				SWIFT_VERSION = 5.0;
				TARGETED_DEVICE_FAMILY = 1;
			};
			name = Release;
		};
		88504120788D1B7C5BC59E58 /* Debug */ = {
			isa = XCBuildConfiguration;
			buildSettings = {
				ALWAYS_SEARCH_USER_PATHS = NO;
				CLANG_ANALYZER_NONNULL = YES;
				CLANG_ANALYZER_NUMBER_OBJECT_CONVERSION = YES_AGGRESSIVE;
				CLANG_CXX_LANGUAGE_STANDARD = "gnu++14";
				CLANG_CXX_LIBRARY = "libc++";
				CLANG_ENABLE_MODULES = YES;
				CLANG_ENABLE_OBJC_ARC = YES;
				CLANG_ENABLE_OBJC_WEAK = YES;
				CLANG_WARN_BLOCK_CAPTURE_AUTORELEASING = YES;
				CLANG_WARN_BOOL_CONVERSION = YES;
				CLANG_WARN_COMMA = YES;
				CLANG_WARN_CONSTANT_CONVERSION = YES;
				CLANG_WARN_DEPRECATED_OBJC_IMPLEMENTATIONS = YES;
				CLANG_WARN_DIRECT_OBJC_ISA_USAGE = YES_ERROR;
				CLANG_WARN_DOCUMENTATION_COMMENTS = YES;
				CLANG_WARN_EMPTY_BODY = YES;
				CLANG_WARN_ENUM_CONVERSION = YES;
				CLANG_WARN_INFINITE_RECURSION = YES;
				CLANG_WARN_INT_CONVERSION = YES;
				CLANG_WARN_NON_LITERAL_NULL_CONVERSION = YES;
				CLANG_WARN_OBJC_IMPLICIT_RETAIN_SELF = YES;
				CLANG_WARN_OBJC_LITERAL_CONVERSION = YES;
				CLANG_WARN_OBJC_ROOT_CLASS = YES_ERROR;
				CLANG_WARN_QUOTED_INCLUDE_IN_FRAMEWORK_HEADER = YES;
				CLANG_WARN_RANGE_LOOP_ANALYSIS = YES;
				CLANG_WARN_STRICT_PROTOTYPES = YES;
				CLANG_WARN_SUSPICIOUS_MOVE = YES;
				CLANG_WARN_UNGUARDED_AVAILABILITY = YES_AGGRESSIVE;
				CLANG_WARN_UNREACHABLE_CODE = YES;
				CLANG_WARN__DUPLICATE_METHOD_MATCH = YES;
				CODE_SIGN_STYLE = Automatic;
				COPY_PHASE_STRIP = NO;
				DEBUG_INFORMATION_FORMAT = dwarf;
				DEVELOPMENT_TEAM = 563V2QK49N;
				ENABLE_STRICT_OBJC_MSGSEND = YES;
				ENABLE_TESTABILITY = YES;
				"EXCLUDED_ARCHS[sdk=iphonesimulator*]" = x86_64;
				GCC_C_LANGUAGE_STANDARD = gnu11;
				GCC_DYNAMIC_NO_PIC = NO;
				GCC_NO_COMMON_BLOCKS = YES;
				GCC_OPTIMIZATION_LEVEL = 0;
				GCC_PREPROCESSOR_DEFINITIONS = (
					"$(inherited)",
					"DEBUG=1",
				);
				GCC_WARN_64_TO_32_BIT_CONVERSION = YES;
				GCC_WARN_ABOUT_RETURN_TYPE = YES_ERROR;
				GCC_WARN_UNDECLARED_SELECTOR = YES;
				GCC_WARN_UNINITIALIZED_AUTOS = YES_AGGRESSIVE;
				GCC_WARN_UNUSED_FUNCTION = YES;
				GCC_WARN_UNUSED_VARIABLE = YES;
				INFOPLIST_FILE = Info.plist;
				IPHONEOS_DEPLOYMENT_TARGET = 17.0;
				MTL_ENABLE_DEBUG_INFO = INCLUDE_SOURCE;
				MTL_FAST_MATH = YES;
				ONLY_ACTIVE_ARCH = YES;
				PRODUCT_NAME = "$(TARGET_NAME)";
				SDKROOT = iphoneos;
				SWIFT_ACTIVE_COMPILATION_CONDITIONS = DEBUG;
				SWIFT_OPTIMIZATION_LEVEL = "-Onone";
				SWIFT_VERSION = 5.0;
				TARGETED_DEVICE_FAMILY = 1;
			};
			name = Debug;
		};
		E6A9D14130DE3878A9080B14 /* Debug */ = {
			isa = XCBuildConfiguration;
			buildSettings = {
				BUNDLE_LOADER = "$(TEST_HOST)";
				CODE_SIGN_STYLE = Automatic;
				CURRENT_PROJECT_VERSION = 1;
				DEVELOPMENT_TEAM = 563V2QK49N;
				GENERATE_INFOPLIST_FILE = YES;
				LD_RUNPATH_SEARCH_PATHS = (
					"$(inherited)",
					"@executable_path/Frameworks",
					"@loader_path/Frameworks",
				);
				MARKETING_VERSION = 1.0;
				PRODUCT_BUNDLE_IDENTIFIER = com.steelman.app.tests;
				SDKROOT = iphoneos;
				SWIFT_VERSION = 5.0;
				TARGETED_DEVICE_FAMILY = "1,2";
			};
			name = Debug;
		};
		F633818E6A6DB65DD20538FB /* Release */ = {
			isa = XCBuildConfiguration;
			buildSettings = {
				ASSETCATALOG_COMPILER_APPICON_NAME = AppIcon;
				CODE_SIGN_IDENTITY = "iPhone Developer";
				CURRENT_PROJECT_VERSION = 1;
				FRAMEWORK_SEARCH_PATHS = (
					"$(inherited)",
					"\"Vendor\"",
				);
				INFOPLIST_FILE = Info.plist;
				LD_RUNPATH_SEARCH_PATHS = (
					"$(inherited)",
					"@executable_path/Frameworks",
				);
				MARKETING_VERSION = 1.0;
				PRODUCT_BUNDLE_IDENTIFIER = com.steelman.app;
				SDKROOT = iphoneos;
				SWIFT_OBJC_BRIDGING_HEADER = "Steelman-Bridging-Header.h";
				TARGETED_DEVICE_FAMILY = "1,2";
			};
			name = Release;
		};
/* End XCBuildConfiguration section */

/* Begin XCConfigurationList section */
		BE83CF9AD1923E00D6C4919A /* Build configuration list for PBXNativeTarget "SteelmanTests" */ = {
			isa = XCConfigurationList;
			buildConfigurations = (
				E6A9D14130DE3878A9080B14 /* Debug */,
				19D2A934193AE7AAFDC635EF /* Release */,
			);
			defaultConfigurationIsVisible = 0;
			defaultConfigurationName = Debug;
		};
		CE8A115D20A271CBF7CB2EA6 /* Build configuration list for PBXNativeTarget "Steelman" */ = {
			isa = XCConfigurationList;
			buildConfigurations = (
				4CDDBC594047AFB9157E31FD /* Debug */,
				F633818E6A6DB65DD20538FB /* Release */,
			);
			defaultConfigurationIsVisible = 0;
			defaultConfigurationName = Debug;
		};
		F32538397E849C7CF35AA33E /* Build configuration list for PBXProject "Steelman" */ = {
			isa = XCConfigurationList;
			buildConfigurations = (
				88504120788D1B7C5BC59E58 /* Debug */,
				73BD834D32A77998EC464825 /* Release */,
			);
			defaultConfigurationIsVisible = 0;
			defaultConfigurationName = Debug;
		};
/* End XCConfigurationList section */

/* Begin XCRemoteSwiftPackageReference section */
		2DE86530FA48C35D4A021D2D /* XCRemoteSwiftPackageReference "testables" */ = {
			isa = XCRemoteSwiftPackageReference;
			repositoryURL = "https://github.com/JacobSchantz/testables";
			requirement = {
				branch = main;
				kind = branch;
			};
		};
/* End XCRemoteSwiftPackageReference section */

/* Begin XCSwiftPackageProductDependency section */
		44C9842A20D48DCEA4D93B58 /* TestablesKit */ = {
			isa = XCSwiftPackageProductDependency;
			package = 2DE86530FA48C35D4A021D2D /* XCRemoteSwiftPackageReference "testables" */;
			productName = TestablesKit;
		};
		7D4297E67B264661BD81DDB3 /* TestablesKit */ = {
			isa = XCSwiftPackageProductDependency;
			package = 2DE86530FA48C35D4A021D2D /* XCRemoteSwiftPackageReference "testables" */;
			productName = TestablesKit;
		};
/* End XCSwiftPackageProductDependency section */
	};
	rootObject = A3DFC7F7B1A09185F435D063 /* Project object */;
}
